
Microsoft Visual Studio Solution File, Format Version 12.00
# Visual Studio Version 17
VisualStudioVersion = 17.4.33213.308
MinimumVisualStudioVersion = 10.0.40219.1
Project("{FAE04EC0-301F-11D3-BF4B-00C04F79EFBC}") = "Exercicio13", "Exercicio13\Exercicio13.csproj", "{4DA72518-2E15-4C73-B8AA-834FB9138DFF}"
EndProject
Global
	GlobalSection(SolutionConfigurationPlatforms) = preSolution
		Debug|Any CPU = Debug|Any CPU
		Release|Any CPU = Release|Any CPU
	EndGlobalSection
	GlobalSection(ProjectConfigurationPlatforms) = postSolution
		{4DA72518-2E15-4C73-B8AA-834FB9138DFF}.Debug|Any CPU.ActiveCfg = Debug|Any CPU
		{4DA72518-2E15-4C73-B8AA-834FB9138DFF}.Debug|Any CPU.Build.0 = Debug|Any CPU
		{4DA72518-2E15-4C73-B8AA-834FB9138DFF}.Release|Any CPU.ActiveCfg = Release|Any CPU
		{4DA72518-2E15-4C73-B8AA-834FB9138DFF}.Release|Any CPU.Build.0 = Release|Any CPU
	EndGlobalSection
	GlobalSection(SolutionProperties) = preSolution
		HideSolutionNode = FALSE
	EndGlobalSection
	GlobalSection(ExtensibilityGlobals) = postSolution
		SolutionGuid = {541C7685-71A5-46C4-9E16-A7C989B00582}
	EndGlobalSection
EndGlobal
